{
  "name": "tpen-line-history",
  "version": "1.0.0",
  "lockfileVersion": 2,
  "requires": true,
  "packages": {
    "": {
      "name": "tpen-line-history",
      "version": "1.0.0",
      "license": "MIT",
      "devDependencies": {
        "@playwright/test": "^1.53.0",
        "c8": "^10.1.3",
        "eslint": "^8.56.0",
        "express": "^4.21.2",
        "supertest": "^7.1.1"
      }
    },
    "node_modules/@playwright/test": {
      "version": "1.53.0",
      "resolved": "https://registry.npmjs.org/@playwright/test/-/test-1.53.0.tgz",
      "dev": true
    },
    "node_modules/c8": {
      "version": "10.1.3",
      "resolved": "https://registry.npmjs.org/c8/-/c8-10.1.3.tgz",
      "dev": true
    },
    "node_modules/eslint": {
      "version": "8.56.0",
      "resolved": "https://registry.npmjs.org/eslint/-/eslint-8.56.0.tgz",
      "dev": true
    },
    "node_modules/express": {
      "version": "4.21.2",
      "resolved": "https://registry.npmjs.org/express/-/express-4.21.2.tgz",
      "dev": true
    },
    "node_modules/supertest": {
      "version": "7.1.1",
      "resolved": "https://registry.npmjs.org/supertest/-/supertest-7.1.1.tgz",
      "dev": true
    }
  },
  "dependencies": {
    "@playwright/test": {
      "version": "1.53.0",
      "resolved": "https://registry.npmjs.org/@playwright/test/-/test-1.53.0.tgz",
      "dev": true
    },
    "c8": {
      "version": "10.1.3",
      "resolved": "https://registry.npmjs.org/c8/-/c8-10.1.3.tgz",
      "dev": true
    },
    "eslint": {
      "version": "8.56.0",
      "resolved": "https://registry.npmjs.org/eslint/-/eslint-8.56.0.tgz",
      "dev": true
    },
    "express": {
      "version": "4.21.2",
      "resolved": "https://registry.npmjs.org/express/-/express-4.21.2.tgz",
      "dev": true
    },
    "supertest": {
      "version": "7.1.1",
      "resolved": "https://registry.npmjs.org/supertest/-/supertest-7.1.1.tgz",
      "dev": true
    }
  }
}
